// !$*UTF8*$!
{
	archiveVersion = 1;
	classes = {
	};
	objectVersion = 46;
	objects = {

/* Begin PBXBuildFile section */
		8C55829D1C8655C600F9EC8D /* AppDelegate.swift in Sources */ = {isa = PBXBuildFile; fileRef = 8C55829C1C8655C600F9EC8D /* AppDelegate.swift */; };
		8C55829F1C8655C600F9EC8D /* MasterViewController.swift in Sources */ = {isa = PBXBuildFile; fileRef = 8C55829E1C8655C600F9EC8D /* MasterViewController.swift */; };
		8C5582A11C8655C600F9EC8D /* DetailViewController.swift in Sources */ = {isa = PBXBuildFile; fileRef = 8C5582A01C8655C600F9EC8D /* DetailViewController.swift */; };
		8C5582A41C8655C600F9EC8D /* Main.storyboard in Resources */ = {isa = PBXBuildFile; fileRef = 8C5582A21C8655C600F9EC8D /* Main.storyboard */; };
		8C5582A61C8655C600F9EC8D /* Assets.xcassets in Resources */ = {isa = PBXBuildFile; fileRef = 8C5582A51C8655C600F9EC8D /* Assets.xcassets */; };
		8C5582A91C8655C600F9EC8D /* LaunchScreen.storyboard in Resources */ = {isa = PBXBuildFile; fileRef = 8C5582A71C8655C600F9EC8D /* LaunchScreen.storyboard */; };
		8C9260341C9F4BB900679F97 /* BooksCDM.xcdatamodeld in Sources */ = {isa = PBXBuildFile; fileRef = 8C9260321C9F4BB900679F97 /* BooksCDM.xcdatamodeld */; };
/* End PBXBuildFile section */

/* Begin PBXFileReference section */
		8C5582991C8655C600F9EC8D /* openLibraryBooks.app */ = {isa = PBXFileReference; explicitFileType = wrapper.application; includeInIndex = 0; path = openLibraryBooks.app; sourceTree = BUILT_PRODUCTS_DIR; };
		8C55829C1C8655C600F9EC8D /* AppDelegate.swift */ = {isa = PBXFileReference; lastKnownFileType = sourcecode.swift; path = AppDelegate.swift; sourceTree = "<group>"; };
		8C55829E1C8655C600F9EC8D /* MasterViewController.swift */ = {isa = PBXFileReference; lastKnownFileType = sourcecode.swift; path = MasterViewController.swift; sourceTree = "<group>"; };
		8C5582A01C8655C600F9EC8D /* DetailViewController.swift */ = {isa = PBXFileReference; lastKnownFileType = sourcecode.swift; path = DetailViewController.swift; sourceTree = "<group>"; };
		8C5582A31C8655C600F9EC8D /* Base */ = {isa = PBXFileReference; lastKnownFileType = file.storyboard; name = Base; path = Base.lproj/Main.storyboard; sourceTree = "<group>"; };
		8C5582A51C8655C600F9EC8D /* Assets.xcassets */ = {isa = PBXFileReference; lastKnownFileType = folder.assetcatalog; path = Assets.xcassets; sourceTree = "<group>"; };
		8C5582A81C8655C600F9EC8D /* Base */ = {isa = PBXFileReference; lastKnownFileType = file.storyboard; name = Base; path = Base.lproj/LaunchScreen.storyboard; sourceTree = "<group>"; };
		8C5582AA1C8655C600F9EC8D /* Info.plist */ = {isa = PBXFileReference; lastKnownFileType = text.plist.xml; path = Info.plist; sourceTree = "<group>"; };
		8C9260331C9F4BB900679F97 /* BooksCDM.xcdatamodel */ = {isa = PBXFileReference; lastKnownFileType = wrapper.xcdatamodel; path = BooksCDM.xcdatamodel; sourceTree = "<group>"; };
/* End PBXFileReference section */

/* Begin PBXFrameworksBuildPhase section */
		8C5582961C8655C600F9EC8D /* Frameworks */ = {
			isa = PBXFrameworksBuildPhase;
			buildActionMask = 2147483647;
			files = (
			);
			runOnlyForDeploymentPostprocessing = 0;
		};
/* End PBXFrameworksBuildPhase section */

/* Begin PBXGroup section */
		8C5582901C8655C600F9EC8D = {
			isa = PBXGroup;
			children = (
				8C55829B1C8655C600F9EC8D /* openLibraryBooks */,
				8C55829A1C8655C600F9EC8D /* Products */,
			);
			sourceTree = "<group>";
		};
		8C55829A1C8655C600F9EC8D /* Products */ = {
			isa = PBXGroup;
			children = (
				8C5582991C8655C600F9EC8D /* openLibraryBooks.app */,
			);
			name = Products;
			sourceTree = "<group>";
		};
		8C55829B1C8655C600F9EC8D /* openLibraryBooks */ = {
			isa = PBXGroup;
			children = (
				8C55829C1C8655C600F9EC8D /* AppDelegate.swift */,
				8C55829E1C8655C600F9EC8D /* MasterViewController.swift */,
				8C5582A01C8655C600F9EC8D /* DetailViewController.swift */,
				8C5582A21C8655C600F9EC8D /* Main.storyboard */,
				8C5582A51C8655C600F9EC8D /* Assets.xcassets */,
				8C5582A71C8655C600F9EC8D /* LaunchScreen.storyboard */,
				8C5582AA1C8655C600F9EC8D /* Info.plist */,
				8C9260321C9F4BB900679F97 /* BooksCDM.xcdatamodeld */,
			);
			path = openLibraryBooks;
			sourceTree = "<group>";
		};
/* End PBXGroup section */

/* Begin PBXNativeTarget section */
		8C5582981C8655C600F9EC8D /* openLibraryBooks */ = {
			isa = PBXNativeTarget;
			buildConfigurationList = 8C5582AD1C8655C600F9EC8D /* Build configuration list for PBXNativeTarget "openLibraryBooks" */;
			buildPhases = (
				8C5582951C8655C600F9EC8D /* Sources */,
				8C5582961C8655C600F9EC8D /* Frameworks */,
				8C5582971C8655C600F9EC8D /* Resources */,
			);
			buildRules = (
			);
			dependencies = (
			);
			name = openLibraryBooks;
			productName = openLibraryBooks;
			productReference = 8C5582991C8655C600F9EC8D /* openLibraryBooks.app */;
			productType = "com.apple.product-type.application";
		};
/* End PBXNativeTarget section */

/* Begin PBXProject section */
		8C5582911C8655C600F9EC8D /* Project object */ = {
			isa = PBXProject;
			attributes = {
				LastSwiftUpdateCheck = 0720;
				LastUpgradeCheck = 0720;
				ORGANIZATIONNAME = Tablaz;
				TargetAttributes = {
					8C5582981C8655C600F9EC8D = {
						CreatedOnToolsVersion = 7.2;
						DevelopmentTeam = 7QZT7WXKHC;
					};
				};
			};
			buildConfigurationList = 8C5582941C8655C600F9EC8D /* Build configuration list for PBXProject "openLibraryBooks" */;
			compatibilityVersion = "Xcode 3.2";
			developmentRegion = English;
			hasScannedForEncodings = 0;
			knownRegions = (
				en,
				Base,
			);
			mainGroup = 8C5582901C8655C600F9EC8D;
			productRefGroup = 8C55829A1C8655C600F9EC8D /* Products */;
			projectDirPath = "";
			projectRoot = "";
			targets = (
				8C5582981C8655C600F9EC8D /* openLibraryBooks */,
			);
		};
/* End PBXProject section */

/* Begin PBXResourcesBuildPhase section */
		8C5582971C8655C600F9EC8D /* Resources */ = {
			isa = PBXResourcesBuildPhase;
			buildActionMask = 2147483647;
			files = (
				8C5582A91C8655C600F9EC8D /* LaunchScreen.storyboard in Resources */,
				8C5582A61C8655C600F9EC8D /* Assets.xcassets in Resources */,
				8C5582A41C8655C600F9EC8D /* Main.storyboard in Resources */,
			);
			runOnlyForDeploymentPostprocessing = 0;
		};
/* End PBXResourcesBuildPhase section */

/* Begin PBXSourcesBuildPhase section */
		8C5582951C8655C600F9EC8D /* Sources */ = {
			isa = PBXSourcesBuildPhase;
			buildActionMask = 2147483647;
			files = (
				8C5582A11C8655C600F9EC8D /* DetailViewController.swift in Sources */,
				8C55829F1C8655C600F9EC8D /* MasterViewController.swift in Sources */,
				8C55829D1C8655C600F9EC8D /* AppDelegate.swift in Sources */,
				8C9260341C9F4BB900679F97 /* BooksCDM.xcdatamodeld in Sources */,
			);
			runOnlyForDeploymentPostprocessing = 0;
		};
/* End PBXSourcesBuildPhase section */

/* Begin PBXVariantGroup section */
		8C5582A21C8655C600F9EC8D /* Main.storyboard */ = {
			isa = PBXVariantGroup;
			children = (
				8C5582A31C8655C600F9EC8D /* Base */,
			);
			name = Main.storyboard;
			sourceTree = "<group>";
		};
		8C5582A71C8655C600F9EC8D /* LaunchScreen.storyboard */ = {
			isa = PBXVariantGroup;
			children = (
				8C5582A81C8655C600F9EC8D /* Base */,
			);
			name = LaunchScreen.storyboard;
			sourceTree = "<group>";
		};
/* End PBXVariantGroup section */

/* Begin XCBuildConfiguration section */
		8C5582AB1C8655C600F9EC8D /* Debug */ = {
			isa = XCBuildConfiguration;
			buildSettings = {
				ALWAYS_SEARCH_USER_PATHS = NO;
				CLANG_CXX_LANGUAGE_STANDARD = "gnu++0x";
				CLANG_CXX_LIBRARY = "libc++";
				CLANG_ENABLE_MODULES = YES;
				CLANG_ENABLE_OBJC_ARC = YES;
				CLANG_WARN_BOOL_CONVERSION = YES;
				CLANG_WARN_CONSTANT_CONVERSION = YES;
				CLANG_WARN_DIRECT_OBJC_ISA_USAGE = YES_ERROR;
				CLANG_WARN_EMPTY_BODY = YES;
				CLANG_WARN_ENUM_CONVERSION = YES;
				CLANG_WARN_INT_CONVERSION = YES;
				CLANG_WARN_OBJC_ROOT_CLASS = YES_ERROR;
				CLANG_WARN_UNREACHABLE_CODE = YES;
				CLANG_WARN__DUPLICATE_METHOD_MATCH = YES;
				"CODE_SIGN_IDENTITY[sdk=iphoneos*]" = "iPhone Developer";
				COPY_PHASE_STRIP = NO;
				DEBUG_INFORMATION_FORMAT = dwarf;
				ENABLE_STRICT_OBJC_MSGSEND = YES;
				ENABLE_TESTABILITY = YES;
				GCC_C_LANGUAGE_STANDARD = gnu99;
				GCC_DYNAMIC_NO_PIC = NO;
				GCC_NO_COMMON_BLOCKS = YES;
				GCC_OPTIMIZATION_LEVEL = 0;
				GCC_PREPROCESSOR_DEFINITIONS = (
					"DEBUG=1",
					"$(inherited)",
				);
				GCC_WARN_64_TO_32_BIT_CONVERSION = YES;
				GCC_WARN_ABOUT_RETURN_TYPE = YES_ERROR;
				GCC_WARN_UNDECLARED_SELECTOR = YES;
				GCC_WARN_UNINITIALIZED_AUTOS = YES_AGGRESSIVE;
				GCC_WARN_UNUSED_FUNCTION = YES;
				GCC_WARN_UNUSED_VARIABLE = YES;
				IPHONEOS_DEPLOYMENT_TARGET = 9.2;
				MTL_ENABLE_DEBUG_INFO = YES;
				ONLY_ACTIVE_ARCH = YES;
				SDKROOT = iphoneos;
				SWIFT_OPTIMIZATION_LEVEL = "-Onone";
			};
			name = Debug;
		};
		8C5582AC1C8655C600F9EC8D /* Release */ = {
			isa = XCBuildConfiguration;
			buildSettings = {
				ALWAYS_SEARCH_USER_PATHS = NO;
				CLANG_CXX_LANGUAGE_STANDARD = "gnu++0x";
				CLANG_CXX_LIBRARY = "libc++";
				CLANG_ENABLE_MODULES = YES;
				CLANG_ENABLE_OBJC_ARC = YES;
				CLANG_WARN_BOOL_CONVERSION = YES;
				CLANG_WARN_CONSTANT_CONVERSION = YES;
				CLANG_WARN_DIRECT_OBJC_ISA_USAGE = YES_ERROR;
				CLANG_WARN_EMPTY_BODY = YES;
				CLANG_WARN_ENUM_CONVERSION = YES;
				CLANG_WARN_INT_CONVERSION = YES;
				CLANG_WARN_OBJC_ROOT_CLASS = YES_ERROR;
				CLANG_WARN_UNREACHABLE_CODE = YES;
				CLANG_WARN__DUPLICATE_METHOD_MATCH = YES;
				"CODE_SIGN_IDENTITY[sdk=iphoneos*]" = "iPhone Developer";
				COPY_PHASE_STRIP = NO;
				DEBUG_INFORMATION_FORMAT = "dwarf-with-dsym";
				ENABLE_NS_ASSERTIONS = NO;
				ENABLE_STRICT_OBJC_MSGSEND = YES;
				GCC_C_LANGUAGE_STANDARD = gnu99;
				GCC_NO_COMMON_BLOCKS = YES;
				GCC_WARN_64_TO_32_BIT_CONVERSION = YES;
				GCC_WARN_ABOUT_RETURN_TYPE = YES_ERROR;
				GCC_WARN_UNDECLARED_SELECTOR = YES;
				GCC_WARN_UNINITIALIZED_AUTOS = YES_AGGRESSIVE;
				GCC_WARN_UNUSED_FUNCTION = YES;
				GCC_WARN_UNUSED_VARIABLE = YES;
				IPHONEOS_DEPLOYMENT_TARGET = 9.2;
				MTL_ENABLE_DEBUG_INFO = NO;
				SDKROOT = iphoneos;
				VALIDATE_PRODUCT = YES;
			};
			name = Release;
		};
		8C5582AE1C8655C600F9EC8D /* Debug */ = {
			isa = XCBuildConfiguration;
			buildSettings = {
				ASSETCATALOG_COMPILER_APPICON_NAME = AppIcon;
				CODE_SIGN_IDENTITY = "iPhone Developer";
				INFOPLIST_FILE = openLibraryBooks/Info.plist;
				LD_RUNPATH_SEARCH_PATHS = "$(inherited) @executable_path/Frameworks";
				PRODUCT_BUNDLE_IDENTIFIER = com.tablaz.openLibraryBooks;
				PRODUCT_NAME = "$(TARGET_NAME)";
			};
			name = Debug;
		};
		8C5582AF1C8655C600F9EC8D /* Release */ = {
			isa = XCBuildConfiguration;
			buildSettings = {
				ASSETCATALOG_COMPILER_APPICON_NAME = AppIcon;
				CODE_SIGN_IDENTITY = "iPhone Developer";
				INFOPLIST_FILE = openLibraryBooks/Info.plist;
				LD_RUNPATH_SEARCH_PATHS = "$(inherited) @executable_path/Frameworks";
				PRODUCT_BUNDLE_IDENTIFIER = com.tablaz.openLibraryBooks;
				PRODUCT_NAME = "$(TARGET_NAME)";
			};
			name = Release;
		};
/* End XCBuildConfiguration section */

/* Begin XCConfigurationList section */
		8C5582941C8655C600F9EC8D /* Build configuration list for PBXProject "openLibraryBooks" */ = {
			isa = XCConfigurationList;
			buildConfigurations = (
				8C5582AB1C8655C600F9EC8D /* Debug */,
				8C5582AC1C8655C600F9EC8D /* Release */,
			);
			defaultConfigurationIsVisible = 0;
			defaultConfigurationName = Release;
		};
		8C5582AD1C8655C600F9EC8D /* Build configuration list for PBXNativeTarget "openLibraryBooks" */ = {
			isa = XCConfigurationList;
			buildConfigurations = (
				8C5582AE1C8655C600F9EC8D /* Debug */,
				8C5582AF1C8655C600F9EC8D /* Release */,
			);
			defaultConfigurationIsVisible = 0;
			defaultConfigurationName = Release;
		};
/* End XCConfigurationList section */

/* Begin XCVersionGroup section */
		8C9260321C9F4BB900679F97 /* BooksCDM.xcdatamodeld */ = {
			isa = XCVersionGroup;
			children = (
				8C9260331C9F4BB900679F97 /* BooksCDM.xcdatamodel */,
			);
			currentVersion = 8C9260331C9F4BB900679F97 /* BooksCDM.xcdatamodel */;
			path = BooksCDM.xcdatamodeld;
			sourceTree = "<group>";
			versionGroupType = wrapper.xcdatamodel;
		};
/* End XCVersionGroup section */
	};
	rootObject = 8C5582911C8655C600F9EC8D /* Project object */;
}
